github.com/google/uuid v1.1.1 h1:Gkbcsh/GbpXz7lPftLA3P6TYMwjCLYm83jiFQZF/3gY=
github.com/google/uuid v1.1.1/go.mod h1:TIyPZe4MgqvfeYDBFedMoGGpEw/LqOeaOT+nhxU+yHo=
github.com/kpawlik/geojson v0.0.0-20171201195549-1a4f120c6b41 h1:hmhQApZRZctFnYW02XZBC9jKR31R7c4QbXbqBtQGZeg=
github.com/kpawlik/geojson v0.0.0-20171201195549-1a4f120c6b41/go.mod h1:qKaqI0FuzSzLI6RtBrhVXqM5wjknuGYU2e8KVG+Z1MM=
github.com/ugorji/go v1.1.5-pre h1:jyJKFOSEbdOc2HODrf2qcCkYOdq7zzXqA9bhW5oV4fM=
github.com/ugorji/go v1.1.5-pre/go.mod h1:FwP/aQVg39TXzItUBMwnWp9T9gPQnXw4Poh4/oBQZ/0=
github.com/ugorji/go/codec v1.1.5-pre h1:5YV9PsFAN+ndcCtTM7s60no7nY7eTG3LPtxhSwuxzCs=
github.com/ugorji/go/codec v1.1.5-pre/go.mod h1:tULtS6Gy1AE1yCENaw4Vb//HLH5njI2tfCQDUqRd8fI=
